
Microsoft Visual Studio Solution File, Format Version 12.00
# Visual Studio Version 16
Project("{8BC9CEB8-8B4A-11D0-8D11-00A0C91BC942}") = "ALL_BUILD", "ALL_BUILD.vcxproj", "{49B6849C-D4CD-31EE-8721-8A5EBD807CB5}"
	ProjectSection(ProjectDependencies) = postProject
		{1B4E3865-CB22-3722-98C7-575FC60F1E3D} = {1B4E3865-CB22-3722-98C7-575FC60F1E3D}
		{407D9F65-2967-3433-B591-9557AE726CD6} = {407D9F65-2967-3433-B591-9557AE726CD6}
		{7AAF3C39-FA88-3C4B-BAA0-28589838C4B8} = {7AAF3C39-FA88-3C4B-BAA0-28589838C4B8}
		{644AB6F4-A317-3CB0-89A9-7594B8F695A9} = {644AB6F4-A317-3CB0-89A9-7594B8F695A9}
		{0E7B2D81-689C-3DA9-88DB-E4AE301EDAED} = {0E7B2D81-689C-3DA9-88DB-E4AE301EDAED}
		{34C1E693-E833-39FB-B822-D8A4082CBD86} = {34C1E693-E833-39FB-B822-D8A4082CBD86}
	EndProjectSection
EndProject
Project("{8BC9CEB8-8B4A-11D0-8D11-00A0C91BC942}") = "ZERO_CHECK", "ZERO_CHECK.vcxproj", "{1B4E3865-CB22-3722-98C7-575FC60F1E3D}"
	ProjectSection(ProjectDependencies) = postProject
	EndProjectSection
EndProject
Project("{8BC9CEB8-8B4A-11D0-8D11-00A0C91BC942}") = "gtest", "gtest\gtest.vcxproj", "{407D9F65-2967-3433-B591-9557AE726CD6}"
	ProjectSection(ProjectDependencies) = postProject
		{1B4E3865-CB22-3722-98C7-575FC60F1E3D} = {1B4E3865-CB22-3722-98C7-575FC60F1E3D}
	EndProjectSection
EndProject
Project("{8BC9CEB8-8B4A-11D0-8D11-00A0C91BC942}") = "sample_prime_numbers", "samples\sample_prime_numbers.vcxproj", "{7AAF3C39-FA88-3C4B-BAA0-28589838C4B8}"
	ProjectSection(ProjectDependencies) = postProject
		{1B4E3865-CB22-3722-98C7-575FC60F1E3D} = {1B4E3865-CB22-3722-98C7-575FC60F1E3D}
		{644AB6F4-A317-3CB0-89A9-7594B8F695A9} = {644AB6F4-A317-3CB0-89A9-7594B8F695A9}
	EndProjectSection
EndProject
Project("{8BC9CEB8-8B4A-11D0-8D11-00A0C91BC942}") = "set", "src\set.vcxproj", "{644AB6F4-A317-3CB0-89A9-7594B8F695A9}"
	ProjectSection(ProjectDependencies) = postProject
		{1B4E3865-CB22-3722-98C7-575FC60F1E3D} = {1B4E3865-CB22-3722-98C7-575FC60F1E3D}
	EndProjectSection
EndProject
Project("{8BC9CEB8-8B4A-11D0-8D11-00A0C91BC942}") = "test_set", "test\test_set.vcxproj", "{0E7B2D81-689C-3DA9-88DB-E4AE301EDAED}"
	ProjectSection(ProjectDependencies) = postProject
		{1B4E3865-CB22-3722-98C7-575FC60F1E3D} = {1B4E3865-CB22-3722-98C7-575FC60F1E3D}
		{407D9F65-2967-3433-B591-9557AE726CD6} = {407D9F65-2967-3433-B591-9557AE726CD6}
		{644AB6F4-A317-3CB0-89A9-7594B8F695A9} = {644AB6F4-A317-3CB0-89A9-7594B8F695A9}
	EndProjectSection
EndProject
Project("{8BC9CEB8-8B4A-11D0-8D11-00A0C91BC942}") = "trafficlight_set", "traffic\trafficlight_set.vcxproj", "{34C1E693-E833-39FB-B822-D8A4082CBD86}"
	ProjectSection(ProjectDependencies) = postProject
		{1B4E3865-CB22-3722-98C7-575FC60F1E3D} = {1B4E3865-CB22-3722-98C7-575FC60F1E3D}
		{407D9F65-2967-3433-B591-9557AE726CD6} = {407D9F65-2967-3433-B591-9557AE726CD6}
		{644AB6F4-A317-3CB0-89A9-7594B8F695A9} = {644AB6F4-A317-3CB0-89A9-7594B8F695A9}
	EndProjectSection
EndProject
Global
	GlobalSection(SolutionConfigurationPlatforms) = preSolution
		Debug|x64 = Debug|x64
		Release|x64 = Release|x64
	EndGlobalSection
	GlobalSection(ProjectConfigurationPlatforms) = postSolution
		{49B6849C-D4CD-31EE-8721-8A5EBD807CB5}.Debug|x64.ActiveCfg = Debug|x64
		{49B6849C-D4CD-31EE-8721-8A5EBD807CB5}.Release|x64.ActiveCfg = Release|x64
		{1B4E3865-CB22-3722-98C7-575FC60F1E3D}.Debug|x64.ActiveCfg = Debug|x64
		{1B4E3865-CB22-3722-98C7-575FC60F1E3D}.Debug|x64.Build.0 = Debug|x64
		{1B4E3865-CB22-3722-98C7-575FC60F1E3D}.Release|x64.ActiveCfg = Release|x64
		{1B4E3865-CB22-3722-98C7-575FC60F1E3D}.Release|x64.Build.0 = Release|x64
		{407D9F65-2967-3433-B591-9557AE726CD6}.Debug|x64.ActiveCfg = Debug|x64
		{407D9F65-2967-3433-B591-9557AE726CD6}.Debug|x64.Build.0 = Debug|x64
		{407D9F65-2967-3433-B591-9557AE726CD6}.Release|x64.ActiveCfg = Release|x64
		{407D9F65-2967-3433-B591-9557AE726CD6}.Release|x64.Build.0 = Release|x64
		{7AAF3C39-FA88-3C4B-BAA0-28589838C4B8}.Debug|x64.ActiveCfg = Debug|x64
		{7AAF3C39-FA88-3C4B-BAA0-28589838C4B8}.Debug|x64.Build.0 = Debug|x64
		{7AAF3C39-FA88-3C4B-BAA0-28589838C4B8}.Release|x64.ActiveCfg = Release|x64
		{7AAF3C39-FA88-3C4B-BAA0-28589838C4B8}.Release|x64.Build.0 = Release|x64
		{644AB6F4-A317-3CB0-89A9-7594B8F695A9}.Debug|x64.ActiveCfg = Debug|x64
		{644AB6F4-A317-3CB0-89A9-7594B8F695A9}.Debug|x64.Build.0 = Debug|x64
		{644AB6F4-A317-3CB0-89A9-7594B8F695A9}.Release|x64.ActiveCfg = Release|x64
		{644AB6F4-A317-3CB0-89A9-7594B8F695A9}.Release|x64.Build.0 = Release|x64
		{0E7B2D81-689C-3DA9-88DB-E4AE301EDAED}.Debug|x64.ActiveCfg = Debug|x64
		{0E7B2D81-689C-3DA9-88DB-E4AE301EDAED}.Debug|x64.Build.0 = Debug|x64
		{0E7B2D81-689C-3DA9-88DB-E4AE301EDAED}.Release|x64.ActiveCfg = Release|x64
		{0E7B2D81-689C-3DA9-88DB-E4AE301EDAED}.Release|x64.Build.0 = Release|x64
		{34C1E693-E833-39FB-B822-D8A4082CBD86}.Debug|x64.ActiveCfg = Debug|x64
		{34C1E693-E833-39FB-B822-D8A4082CBD86}.Debug|x64.Build.0 = Debug|x64
		{34C1E693-E833-39FB-B822-D8A4082CBD86}.Release|x64.ActiveCfg = Release|x64
		{34C1E693-E833-39FB-B822-D8A4082CBD86}.Release|x64.Build.0 = Release|x64
	EndGlobalSection
	GlobalSection(ExtensibilityGlobals) = postSolution
		SolutionGuid = {52E1D50F-55ED-3FBA-86BE-AF85C207A9F1}
	EndGlobalSection
	GlobalSection(ExtensibilityAddIns) = postSolution
	EndGlobalSection
EndGlobal
