
Microsoft Visual Studio Solution File, Format Version 12.00
# Visual Studio Version 17
Project("{2150E333-8FDC-42A3-9474-1A3956D46DE8}") = "CMakePredefinedTargets", "CMakePredefinedTargets", "{D63269F5-F383-3A9D-A953-B656D6C7831F}"
EndProject
Project("{8BC9CEB8-8B4A-11D0-8D11-00A0C91BC942}") = "ALL_BUILD", "ALL_BUILD.vcxproj", "{E97DA953-6127-3FEE-919C-3EDDD1CCFFE0}"
	ProjectSection(ProjectDependencies) = postProject
		{5F63C2AC-7816-32F1-AA6B-5F924868DD54} = {5F63C2AC-7816-32F1-AA6B-5F924868DD54}
		{76154823-A45B-32DC-BCC1-57E2FFAF3B54} = {76154823-A45B-32DC-BCC1-57E2FFAF3B54}
		{978C3E89-32C7-331C-8DE1-96C4F8F8FB85} = {978C3E89-32C7-331C-8DE1-96C4F8F8FB85}
		{BB9B1A96-DBC8-3F55-9E59-6F8EF59DD0EC} = {BB9B1A96-DBC8-3F55-9E59-6F8EF59DD0EC}
		{DAA4898A-82A0-3599-BC9C-5086074A7AAB} = {DAA4898A-82A0-3599-BC9C-5086074A7AAB}
	EndProjectSection
EndProject
Project("{8BC9CEB8-8B4A-11D0-8D11-00A0C91BC942}") = "ZERO_CHECK", "ZERO_CHECK.vcxproj", "{5F63C2AC-7816-32F1-AA6B-5F924868DD54}"
	ProjectSection(ProjectDependencies) = postProject
	EndProjectSection
EndProject
Project("{8BC9CEB8-8B4A-11D0-8D11-00A0C91BC942}") = "gtest", "gtest\gtest.vcxproj", "{76154823-A45B-32DC-BCC1-57E2FFAF3B54}"
	ProjectSection(ProjectDependencies) = postProject
		{5F63C2AC-7816-32F1-AA6B-5F924868DD54} = {5F63C2AC-7816-32F1-AA6B-5F924868DD54}
	EndProjectSection
EndProject
Project("{8BC9CEB8-8B4A-11D0-8D11-00A0C91BC942}") = "sample_prime_numbers", "samples\sample_prime_numbers.vcxproj", "{978C3E89-32C7-331C-8DE1-96C4F8F8FB85}"
	ProjectSection(ProjectDependencies) = postProject
		{5F63C2AC-7816-32F1-AA6B-5F924868DD54} = {5F63C2AC-7816-32F1-AA6B-5F924868DD54}
		{BB9B1A96-DBC8-3F55-9E59-6F8EF59DD0EC} = {BB9B1A96-DBC8-3F55-9E59-6F8EF59DD0EC}
	EndProjectSection
EndProject
Project("{8BC9CEB8-8B4A-11D0-8D11-00A0C91BC942}") = "set", "src\set.vcxproj", "{BB9B1A96-DBC8-3F55-9E59-6F8EF59DD0EC}"
	ProjectSection(ProjectDependencies) = postProject
		{5F63C2AC-7816-32F1-AA6B-5F924868DD54} = {5F63C2AC-7816-32F1-AA6B-5F924868DD54}
	EndProjectSection
EndProject
Project("{8BC9CEB8-8B4A-11D0-8D11-00A0C91BC942}") = "test_set", "test\test_set.vcxproj", "{DAA4898A-82A0-3599-BC9C-5086074A7AAB}"
	ProjectSection(ProjectDependencies) = postProject
		{5F63C2AC-7816-32F1-AA6B-5F924868DD54} = {5F63C2AC-7816-32F1-AA6B-5F924868DD54}
		{76154823-A45B-32DC-BCC1-57E2FFAF3B54} = {76154823-A45B-32DC-BCC1-57E2FFAF3B54}
		{BB9B1A96-DBC8-3F55-9E59-6F8EF59DD0EC} = {BB9B1A96-DBC8-3F55-9E59-6F8EF59DD0EC}
	EndProjectSection
EndProject
Global
	GlobalSection(SolutionConfigurationPlatforms) = preSolution
		Debug|x64 = Debug|x64
		Release|x64 = Release|x64
	EndGlobalSection
	GlobalSection(ProjectConfigurationPlatforms) = postSolution
		{E97DA953-6127-3FEE-919C-3EDDD1CCFFE0}.Debug|x64.ActiveCfg = Debug|x64
		{E97DA953-6127-3FEE-919C-3EDDD1CCFFE0}.Release|x64.ActiveCfg = Release|x64
		{5F63C2AC-7816-32F1-AA6B-5F924868DD54}.Debug|x64.ActiveCfg = Debug|x64
		{5F63C2AC-7816-32F1-AA6B-5F924868DD54}.Debug|x64.Build.0 = Debug|x64
		{5F63C2AC-7816-32F1-AA6B-5F924868DD54}.Release|x64.ActiveCfg = Release|x64
		{5F63C2AC-7816-32F1-AA6B-5F924868DD54}.Release|x64.Build.0 = Release|x64
		{76154823-A45B-32DC-BCC1-57E2FFAF3B54}.Debug|x64.ActiveCfg = Debug|x64
		{76154823-A45B-32DC-BCC1-57E2FFAF3B54}.Debug|x64.Build.0 = Debug|x64
		{76154823-A45B-32DC-BCC1-57E2FFAF3B54}.Release|x64.ActiveCfg = Release|x64
		{76154823-A45B-32DC-BCC1-57E2FFAF3B54}.Release|x64.Build.0 = Release|x64
		{978C3E89-32C7-331C-8DE1-96C4F8F8FB85}.Debug|x64.ActiveCfg = Debug|x64
		{978C3E89-32C7-331C-8DE1-96C4F8F8FB85}.Debug|x64.Build.0 = Debug|x64
		{978C3E89-32C7-331C-8DE1-96C4F8F8FB85}.Release|x64.ActiveCfg = Release|x64
		{978C3E89-32C7-331C-8DE1-96C4F8F8FB85}.Release|x64.Build.0 = Release|x64
		{BB9B1A96-DBC8-3F55-9E59-6F8EF59DD0EC}.Debug|x64.ActiveCfg = Debug|x64
		{BB9B1A96-DBC8-3F55-9E59-6F8EF59DD0EC}.Debug|x64.Build.0 = Debug|x64
		{BB9B1A96-DBC8-3F55-9E59-6F8EF59DD0EC}.Release|x64.ActiveCfg = Release|x64
		{BB9B1A96-DBC8-3F55-9E59-6F8EF59DD0EC}.Release|x64.Build.0 = Release|x64
		{DAA4898A-82A0-3599-BC9C-5086074A7AAB}.Debug|x64.ActiveCfg = Debug|x64
		{DAA4898A-82A0-3599-BC9C-5086074A7AAB}.Debug|x64.Build.0 = Debug|x64
		{DAA4898A-82A0-3599-BC9C-5086074A7AAB}.Release|x64.ActiveCfg = Release|x64
		{DAA4898A-82A0-3599-BC9C-5086074A7AAB}.Release|x64.Build.0 = Release|x64
	EndGlobalSection
	GlobalSection(NestedProjects) = preSolution
		{E97DA953-6127-3FEE-919C-3EDDD1CCFFE0} = {D63269F5-F383-3A9D-A953-B656D6C7831F}
		{5F63C2AC-7816-32F1-AA6B-5F924868DD54} = {D63269F5-F383-3A9D-A953-B656D6C7831F}
	EndGlobalSection
	GlobalSection(ExtensibilityGlobals) = postSolution
		SolutionGuid = {98224E2D-CFE9-3B02-A6F8-AB23EB9E7D76}
	EndGlobalSection
	GlobalSection(ExtensibilityAddIns) = postSolution
	EndGlobalSection
EndGlobal
