<?xml version="1.0" encoding="utf-8"?>
<Project ToolsVersion="17.0" xmlns="http://schemas.microsoft.com/developer/msbuild/2003">
  <ItemGroup>
    <ClCompile Include="C:\Users\axaba\mp2-lab1-set\gtest\gtest-all.cc">
      <Filter>Source Files</Filter>
    </ClCompile>
  </ItemGroup>
  <ItemGroup>
    <CustomBuild Include="C:\Users\axaba\mp2-lab1-set\gtest\CMakeLists.txt" />
  </ItemGroup>
  <ItemGroup>
    <Filter Include="Source Files">
      <UniqueIdentifier>{DFDD081C-0146-3C6F-9F02-43D94026FF4F}</UniqueIdentifier>
    </Filter>
  </ItemGroup>
</Project>
