
Microsoft Visual Studio Solution File, Format Version 12.00
# Visual Studio Version 17
Project("{2150E333-8FDC-42A3-9474-1A3956D46DE8}") = "CMakePredefinedTargets", "CMakePredefinedTargets", "{27F78A65-8CE4-3B2A-AC6B-BCB1D1548D2C}"
EndProject
Project("{8BC9CEB8-8B4A-11D0-8D11-00A0C91BC942}") = "ALL_BUILD", "ALL_BUILD.vcxproj", "{B35AD18C-BA9C-3348-9740-9CDC8E5E8746}"
	ProjectSection(ProjectDependencies) = postProject
		{D8D3ACB1-F9A3-38BE-A8CE-D70F91F8CD07} = {D8D3ACB1-F9A3-38BE-A8CE-D70F91F8CD07}
		{0E5F6331-7245-3528-BA4E-94034319655F} = {0E5F6331-7245-3528-BA4E-94034319655F}
		{28F41EBF-E6BC-3E42-9F1F-6026B4F323C8} = {28F41EBF-E6BC-3E42-9F1F-6026B4F323C8}
		{E6FC6C92-C838-3C3E-A315-969144B06FB1} = {E6FC6C92-C838-3C3E-A315-969144B06FB1}
		{4AFF5BD4-5C6A-3A03-B0C9-FDA7020C6073} = {4AFF5BD4-5C6A-3A03-B0C9-FDA7020C6073}
		{EC60CE5A-4879-3FF0-8A62-1B46C403DA4E} = {EC60CE5A-4879-3FF0-8A62-1B46C403DA4E}
	EndProjectSection
EndProject
Project("{8BC9CEB8-8B4A-11D0-8D11-00A0C91BC942}") = "ZERO_CHECK", "ZERO_CHECK.vcxproj", "{D8D3ACB1-F9A3-38BE-A8CE-D70F91F8CD07}"
	ProjectSection(ProjectDependencies) = postProject
	EndProjectSection
EndProject
Project("{8BC9CEB8-8B4A-11D0-8D11-00A0C91BC942}") = "gtest", "gtest\gtest.vcxproj", "{0E5F6331-7245-3528-BA4E-94034319655F}"
	ProjectSection(ProjectDependencies) = postProject
		{D8D3ACB1-F9A3-38BE-A8CE-D70F91F8CD07} = {D8D3ACB1-F9A3-38BE-A8CE-D70F91F8CD07}
	EndProjectSection
EndProject
Project("{8BC9CEB8-8B4A-11D0-8D11-00A0C91BC942}") = "sample_prime_numbers", "samples\sample_prime_numbers.vcxproj", "{28F41EBF-E6BC-3E42-9F1F-6026B4F323C8}"
	ProjectSection(ProjectDependencies) = postProject
		{D8D3ACB1-F9A3-38BE-A8CE-D70F91F8CD07} = {D8D3ACB1-F9A3-38BE-A8CE-D70F91F8CD07}
		{E6FC6C92-C838-3C3E-A315-969144B06FB1} = {E6FC6C92-C838-3C3E-A315-969144B06FB1}
	EndProjectSection
EndProject
Project("{8BC9CEB8-8B4A-11D0-8D11-00A0C91BC942}") = "set", "src\set.vcxproj", "{E6FC6C92-C838-3C3E-A315-969144B06FB1}"
	ProjectSection(ProjectDependencies) = postProject
		{D8D3ACB1-F9A3-38BE-A8CE-D70F91F8CD07} = {D8D3ACB1-F9A3-38BE-A8CE-D70F91F8CD07}
	EndProjectSection
EndProject
Project("{8BC9CEB8-8B4A-11D0-8D11-00A0C91BC942}") = "test_set", "test\test_set.vcxproj", "{4AFF5BD4-5C6A-3A03-B0C9-FDA7020C6073}"
	ProjectSection(ProjectDependencies) = postProject
		{D8D3ACB1-F9A3-38BE-A8CE-D70F91F8CD07} = {D8D3ACB1-F9A3-38BE-A8CE-D70F91F8CD07}
		{0E5F6331-7245-3528-BA4E-94034319655F} = {0E5F6331-7245-3528-BA4E-94034319655F}
		{E6FC6C92-C838-3C3E-A315-969144B06FB1} = {E6FC6C92-C838-3C3E-A315-969144B06FB1}
	EndProjectSection
EndProject
Project("{8BC9CEB8-8B4A-11D0-8D11-00A0C91BC942}") = "trafficlight_set", "traffic\trafficlight_set.vcxproj", "{EC60CE5A-4879-3FF0-8A62-1B46C403DA4E}"
	ProjectSection(ProjectDependencies) = postProject
		{D8D3ACB1-F9A3-38BE-A8CE-D70F91F8CD07} = {D8D3ACB1-F9A3-38BE-A8CE-D70F91F8CD07}
		{0E5F6331-7245-3528-BA4E-94034319655F} = {0E5F6331-7245-3528-BA4E-94034319655F}
		{E6FC6C92-C838-3C3E-A315-969144B06FB1} = {E6FC6C92-C838-3C3E-A315-969144B06FB1}
	EndProjectSection
EndProject
Global
	GlobalSection(SolutionConfigurationPlatforms) = preSolution
		Debug|x64 = Debug|x64
		Release|x64 = Release|x64
	EndGlobalSection
	GlobalSection(ProjectConfigurationPlatforms) = postSolution
		{B35AD18C-BA9C-3348-9740-9CDC8E5E8746}.Debug|x64.ActiveCfg = Debug|x64
		{B35AD18C-BA9C-3348-9740-9CDC8E5E8746}.Release|x64.ActiveCfg = Release|x64
		{D8D3ACB1-F9A3-38BE-A8CE-D70F91F8CD07}.Debug|x64.ActiveCfg = Debug|x64
		{D8D3ACB1-F9A3-38BE-A8CE-D70F91F8CD07}.Debug|x64.Build.0 = Debug|x64
		{D8D3ACB1-F9A3-38BE-A8CE-D70F91F8CD07}.Release|x64.ActiveCfg = Release|x64
		{D8D3ACB1-F9A3-38BE-A8CE-D70F91F8CD07}.Release|x64.Build.0 = Release|x64
		{0E5F6331-7245-3528-BA4E-94034319655F}.Debug|x64.ActiveCfg = Debug|x64
		{0E5F6331-7245-3528-BA4E-94034319655F}.Debug|x64.Build.0 = Debug|x64
		{0E5F6331-7245-3528-BA4E-94034319655F}.Release|x64.ActiveCfg = Release|x64
		{0E5F6331-7245-3528-BA4E-94034319655F}.Release|x64.Build.0 = Release|x64
		{28F41EBF-E6BC-3E42-9F1F-6026B4F323C8}.Debug|x64.ActiveCfg = Debug|x64
		{28F41EBF-E6BC-3E42-9F1F-6026B4F323C8}.Debug|x64.Build.0 = Debug|x64
		{28F41EBF-E6BC-3E42-9F1F-6026B4F323C8}.Release|x64.ActiveCfg = Release|x64
		{28F41EBF-E6BC-3E42-9F1F-6026B4F323C8}.Release|x64.Build.0 = Release|x64
		{E6FC6C92-C838-3C3E-A315-969144B06FB1}.Debug|x64.ActiveCfg = Debug|x64
		{E6FC6C92-C838-3C3E-A315-969144B06FB1}.Debug|x64.Build.0 = Debug|x64
		{E6FC6C92-C838-3C3E-A315-969144B06FB1}.Release|x64.ActiveCfg = Release|x64
		{E6FC6C92-C838-3C3E-A315-969144B06FB1}.Release|x64.Build.0 = Release|x64
		{4AFF5BD4-5C6A-3A03-B0C9-FDA7020C6073}.Debug|x64.ActiveCfg = Debug|x64
		{4AFF5BD4-5C6A-3A03-B0C9-FDA7020C6073}.Debug|x64.Build.0 = Debug|x64
		{4AFF5BD4-5C6A-3A03-B0C9-FDA7020C6073}.Release|x64.ActiveCfg = Release|x64
		{4AFF5BD4-5C6A-3A03-B0C9-FDA7020C6073}.Release|x64.Build.0 = Release|x64
		{EC60CE5A-4879-3FF0-8A62-1B46C403DA4E}.Debug|x64.ActiveCfg = Debug|x64
		{EC60CE5A-4879-3FF0-8A62-1B46C403DA4E}.Debug|x64.Build.0 = Debug|x64
		{EC60CE5A-4879-3FF0-8A62-1B46C403DA4E}.Release|x64.ActiveCfg = Release|x64
		{EC60CE5A-4879-3FF0-8A62-1B46C403DA4E}.Release|x64.Build.0 = Release|x64
	EndGlobalSection
	GlobalSection(NestedProjects) = preSolution
		{B35AD18C-BA9C-3348-9740-9CDC8E5E8746} = {27F78A65-8CE4-3B2A-AC6B-BCB1D1548D2C}
		{D8D3ACB1-F9A3-38BE-A8CE-D70F91F8CD07} = {27F78A65-8CE4-3B2A-AC6B-BCB1D1548D2C}
	EndGlobalSection
	GlobalSection(ExtensibilityGlobals) = postSolution
		SolutionGuid = {39034042-5F16-38A3-AF8D-474A18AF3CBA}
	EndGlobalSection
	GlobalSection(ExtensibilityAddIns) = postSolution
	EndGlobalSection
EndGlobal
