<?xml version="1.0" encoding="utf-8"?>
<Project ToolsVersion="17.0" xmlns="http://schemas.microsoft.com/developer/msbuild/2003">
  <ItemGroup>
    <CustomBuild Include="C:\Users\axaba\mp2-lab1-set\sln\vc17\CMakeFiles\9194a44c40705c5f07423f3f07b75717\generate.stamp.rule">
      <Filter>CMake Rules</Filter>
    </CustomBuild>
  </ItemGroup>
  <ItemGroup>
    <Filter Include="CMake Rules">
      <UniqueIdentifier>{0A41DF38-DF8A-3E6B-8D72-9DCFD097D9F5}</UniqueIdentifier>
    </Filter>
  </ItemGroup>
</Project>
